
Microsoft Visual Studio Solution File, Format Version 12.00
# Visual Studio 15
VisualStudioVersion = 15.0.27130.2027
MinimumVisualStudioVersion = 10.0.40219.1
Project("{9092AA53-FB77-4645-B42D-1CCCA6BD08BD}") = "SteemjsConsole", "SteemjsConsole\SteemjsConsole.njsproj", "{4F64E7A1-62CE-4B10-9C22-3B98C70F32E3}"
EndProject
Project("{9092AA53-FB77-4645-B42D-1CCCA6BD08BD}") = "SteemjsWeb", "SteemjsWeb\SteemjsWeb.njsproj", "{1BF06EFC-F0FB-4DCD-9485-5D46541278ED}"
EndProject
Project("{9092AA53-FB77-4645-B42D-1CCCA6BD08BD}") = "SteemBotCourses", "SteemBotCourses\SteemBotCourses.njsproj", "{A7B1B827-20A0-461F-A1D7-D7F110D83DF1}"
EndProject
Global
	GlobalSection(SolutionConfigurationPlatforms) = preSolution
		Debug|Any CPU = Debug|Any CPU
		Release|Any CPU = Release|Any CPU
	EndGlobalSection
	GlobalSection(ProjectConfigurationPlatforms) = postSolution
		{4F64E7A1-62CE-4B10-9C22-3B98C70F32E3}.Debug|Any CPU.ActiveCfg = Debug|Any CPU
		{4F64E7A1-62CE-4B10-9C22-3B98C70F32E3}.Debug|Any CPU.Build.0 = Debug|Any CPU
		{4F64E7A1-62CE-4B10-9C22-3B98C70F32E3}.Release|Any CPU.ActiveCfg = Release|Any CPU
		{4F64E7A1-62CE-4B10-9C22-3B98C70F32E3}.Release|Any CPU.Build.0 = Release|Any CPU
		{1BF06EFC-F0FB-4DCD-9485-5D46541278ED}.Debug|Any CPU.ActiveCfg = Debug|Any CPU
		{1BF06EFC-F0FB-4DCD-9485-5D46541278ED}.Debug|Any CPU.Build.0 = Debug|Any CPU
		{1BF06EFC-F0FB-4DCD-9485-5D46541278ED}.Release|Any CPU.ActiveCfg = Release|Any CPU
		{1BF06EFC-F0FB-4DCD-9485-5D46541278ED}.Release|Any CPU.Build.0 = Release|Any CPU
		{A7B1B827-20A0-461F-A1D7-D7F110D83DF1}.Debug|Any CPU.ActiveCfg = Debug|Any CPU
		{A7B1B827-20A0-461F-A1D7-D7F110D83DF1}.Debug|Any CPU.Build.0 = Debug|Any CPU
		{A7B1B827-20A0-461F-A1D7-D7F110D83DF1}.Release|Any CPU.ActiveCfg = Release|Any CPU
		{A7B1B827-20A0-461F-A1D7-D7F110D83DF1}.Release|Any CPU.Build.0 = Release|Any CPU
	EndGlobalSection
	GlobalSection(SolutionProperties) = preSolution
		HideSolutionNode = FALSE
	EndGlobalSection
	GlobalSection(ExtensibilityGlobals) = postSolution
		SolutionGuid = {216C6971-293D-48A5-8702-C93D11E786B4}
	EndGlobalSection
EndGlobal
